
Microsoft Visual Studio Solution File, Format Version 12.00
# Visual Studio Version 17
VisualStudioVersion = 17.14.36121.58 d17.14
MinimumVisualStudioVersion = 10.0.40219.1
Project("{FAE04EC0-301F-11D3-BF4B-00C04F79EFBC}") = "Aula04", "Aula04\Aula04.csproj", "{543C7265-D87E-4864-81FD-50AA90BF9EC2}"
EndProject
Global
	GlobalSection(SolutionConfigurationPlatforms) = preSolution
		Debug|Any CPU = Debug|Any CPU
		Release|Any CPU = Release|Any CPU
	EndGlobalSection
	GlobalSection(ProjectConfigurationPlatforms) = postSolution
		{543C7265-D87E-4864-81FD-50AA90BF9EC2}.Debug|Any CPU.ActiveCfg = Debug|Any CPU
		{543C7265-D87E-4864-81FD-50AA90BF9EC2}.Debug|Any CPU.Build.0 = Debug|Any CPU
		{543C7265-D87E-4864-81FD-50AA90BF9EC2}.Release|Any CPU.ActiveCfg = Release|Any CPU
		{543C7265-D87E-4864-81FD-50AA90BF9EC2}.Release|Any CPU.Build.0 = Release|Any CPU
	EndGlobalSection
	GlobalSection(SolutionProperties) = preSolution
		HideSolutionNode = FALSE
	EndGlobalSection
	GlobalSection(ExtensibilityGlobals) = postSolution
		SolutionGuid = {77C5DE65-09C8-42BF-B74C-67628CEBC3D1}
	EndGlobalSection
EndGlobal
